
Microsoft Visual Studio Solution File, Format Version 12.00
# Visual Studio 2012
Project("{FAE04EC0-301F-11D3-BF4B-00C04F79EFBC}") = "Uncle Scrooge Bank", "Uncle Scrooge Bank\Uncle Scrooge Bank.csproj", "{B01DCC4B-686D-477B-BF16-20BF2683F8DD}"
EndProject
Global
	GlobalSection(SolutionConfigurationPlatforms) = preSolution
		Debug|Any CPU = Debug|Any CPU
		Release|Any CPU = Release|Any CPU
	EndGlobalSection
	GlobalSection(ProjectConfigurationPlatforms) = postSolution
		{B01DCC4B-686D-477B-BF16-20BF2683F8DD}.Debug|Any CPU.ActiveCfg = Debug|Any CPU
		{B01DCC4B-686D-477B-BF16-20BF2683F8DD}.Debug|Any CPU.Build.0 = Debug|Any CPU
		{B01DCC4B-686D-477B-BF16-20BF2683F8DD}.Release|Any CPU.ActiveCfg = Release|Any CPU
		{B01DCC4B-686D-477B-BF16-20BF2683F8DD}.Release|Any CPU.Build.0 = Release|Any CPU
	EndGlobalSection
	GlobalSection(SolutionProperties) = preSolution
		HideSolutionNode = FALSE
	EndGlobalSection
EndGlobal
